
Microsoft Visual Studio Solution File, Format Version 12.00
# Visual Studio Version 16
VisualStudioVersion = 16.0.29418.71
MinimumVisualStudioVersion = 10.0.40219.1
Project("{FAE04EC0-301F-11D3-BF4B-00C04F79EFBC}") = "Sprinkler", "Sprinkler\Sprinkler.csproj", "{193AF9F4-421F-4764-948D-EB7A00DC35C4}"
EndProject
Global
	GlobalSection(SolutionConfigurationPlatforms) = preSolution
		Debug|Any CPU = Debug|Any CPU
		Release|Any CPU = Release|Any CPU
	EndGlobalSection
	GlobalSection(ProjectConfigurationPlatforms) = postSolution
		{193AF9F4-421F-4764-948D-EB7A00DC35C4}.Debug|Any CPU.ActiveCfg = Debug|Any CPU
		{193AF9F4-421F-4764-948D-EB7A00DC35C4}.Debug|Any CPU.Build.0 = Debug|Any CPU
		{193AF9F4-421F-4764-948D-EB7A00DC35C4}.Release|Any CPU.ActiveCfg = Release|Any CPU
		{193AF9F4-421F-4764-948D-EB7A00DC35C4}.Release|Any CPU.Build.0 = Release|Any CPU
	EndGlobalSection
	GlobalSection(SolutionProperties) = preSolution
		HideSolutionNode = FALSE
	EndGlobalSection
	GlobalSection(ExtensibilityGlobals) = postSolution
		SolutionGuid = {A82F2068-F242-49B0-B2FD-315B56EA2497}
	EndGlobalSection
EndGlobal
