
Microsoft Visual Studio Solution File, Format Version 12.00
# Visual Studio Version 16
VisualStudioVersion = 16.0.30717.126
MinimumVisualStudioVersion = 10.0.40219.1
Project("{FAE04EC0-301F-11D3-BF4B-00C04F79EFBC}") = "Sprinkler", "Sprinkler\Sprinkler.csproj", "{970DB207-69A6-42C4-B977-9152AC499293}"
EndProject
Project("{FAE04EC0-301F-11D3-BF4B-00C04F79EFBC}") = "SprinklerTest", "SprinklerTest\SprinklerTest\SprinklerTest.csproj", "{32E80261-BE75-497A-B0DD-FD8E21085E7A}"
EndProject
Global
	GlobalSection(SolutionConfigurationPlatforms) = preSolution
		Debug|Any CPU = Debug|Any CPU
		Release|Any CPU = Release|Any CPU
	EndGlobalSection
	GlobalSection(ProjectConfigurationPlatforms) = postSolution
		{970DB207-69A6-42C4-B977-9152AC499293}.Debug|Any CPU.ActiveCfg = Debug|Any CPU
		{970DB207-69A6-42C4-B977-9152AC499293}.Debug|Any CPU.Build.0 = Debug|Any CPU
		{970DB207-69A6-42C4-B977-9152AC499293}.Release|Any CPU.ActiveCfg = Release|Any CPU
		{970DB207-69A6-42C4-B977-9152AC499293}.Release|Any CPU.Build.0 = Release|Any CPU
		{32E80261-BE75-497A-B0DD-FD8E21085E7A}.Debug|Any CPU.ActiveCfg = Debug|Any CPU
		{32E80261-BE75-497A-B0DD-FD8E21085E7A}.Debug|Any CPU.Build.0 = Debug|Any CPU
		{32E80261-BE75-497A-B0DD-FD8E21085E7A}.Release|Any CPU.ActiveCfg = Release|Any CPU
		{32E80261-BE75-497A-B0DD-FD8E21085E7A}.Release|Any CPU.Build.0 = Release|Any CPU
	EndGlobalSection
	GlobalSection(SolutionProperties) = preSolution
		HideSolutionNode = FALSE
	EndGlobalSection
	GlobalSection(ExtensibilityGlobals) = postSolution
		SolutionGuid = {6BCE9DCB-74D8-4C3D-B5F6-F681B78F68BC}
	EndGlobalSection
EndGlobal
